
Microsoft Visual Studio Solution File, Format Version 12.00
# Visual Studio Version 16
VisualStudioVersion = 16.0.31129.286
MinimumVisualStudioVersion = 10.0.40219.1
Project("{FAE04EC0-301F-11D3-BF4B-00C04F79EFBC}") = "PruebaTApi", "PruebaTApi\PruebaTApi.csproj", "{3647F410-3B62-4C09-A0C2-1043A0A187BC}"
EndProject
Global
	GlobalSection(SolutionConfigurationPlatforms) = preSolution
		Debug|Any CPU = Debug|Any CPU
		Release|Any CPU = Release|Any CPU
	EndGlobalSection
	GlobalSection(ProjectConfigurationPlatforms) = postSolution
		{3647F410-3B62-4C09-A0C2-1043A0A187BC}.Debug|Any CPU.ActiveCfg = Debug|Any CPU
		{3647F410-3B62-4C09-A0C2-1043A0A187BC}.Debug|Any CPU.Build.0 = Debug|Any CPU
		{3647F410-3B62-4C09-A0C2-1043A0A187BC}.Release|Any CPU.ActiveCfg = Release|Any CPU
		{3647F410-3B62-4C09-A0C2-1043A0A187BC}.Release|Any CPU.Build.0 = Release|Any CPU
	EndGlobalSection
	GlobalSection(SolutionProperties) = preSolution
		HideSolutionNode = FALSE
	EndGlobalSection
	GlobalSection(ExtensibilityGlobals) = postSolution
		SolutionGuid = {4DA80DC0-0FBB-47D5-8EFA-F0EBADBA45C9}
	EndGlobalSection
EndGlobal
